
Microsoft Visual Studio Solution File, Format Version 12.00
# Visual Studio Version 16
VisualStudioVersion = 16.0.31112.23
MinimumVisualStudioVersion = 10.0.40219.1
Project("{FAE04EC0-301F-11D3-BF4B-00C04F79EFBC}") = "ClearTest1", "ClearTest1\ClearTest1.csproj", "{78DC7BC9-CDA9-4C55-A727-2164841B8581}"
EndProject
Global
	GlobalSection(SolutionConfigurationPlatforms) = preSolution
		Debug|Any CPU = Debug|Any CPU
		Release|Any CPU = Release|Any CPU
	EndGlobalSection
	GlobalSection(ProjectConfigurationPlatforms) = postSolution
		{78DC7BC9-CDA9-4C55-A727-2164841B8581}.Debug|Any CPU.ActiveCfg = Debug|Any CPU
		{78DC7BC9-CDA9-4C55-A727-2164841B8581}.Debug|Any CPU.Build.0 = Debug|Any CPU
		{78DC7BC9-CDA9-4C55-A727-2164841B8581}.Release|Any CPU.ActiveCfg = Release|Any CPU
		{78DC7BC9-CDA9-4C55-A727-2164841B8581}.Release|Any CPU.Build.0 = Release|Any CPU
	EndGlobalSection
	GlobalSection(SolutionProperties) = preSolution
		HideSolutionNode = FALSE
	EndGlobalSection
	GlobalSection(ExtensibilityGlobals) = postSolution
		SolutionGuid = {199F4FEB-D082-47E0-92D2-278ABA6388A2}
	EndGlobalSection
EndGlobal
