
Microsoft Visual Studio Solution File, Format Version 12.00
# Visual Studio Version 16
VisualStudioVersion = 16.0.31112.23
MinimumVisualStudioVersion = 10.0.40219.1
Project("{FAE04EC0-301F-11D3-BF4B-00C04F79EFBC}") = "ControlTest", "ControlTest\ControlTest.csproj", "{4F46FF3C-795F-4A85-9290-ADD47632FBE5}"
EndProject
Global
	GlobalSection(SolutionConfigurationPlatforms) = preSolution
		Debug|Any CPU = Debug|Any CPU
		Release|Any CPU = Release|Any CPU
	EndGlobalSection
	GlobalSection(ProjectConfigurationPlatforms) = postSolution
		{4F46FF3C-795F-4A85-9290-ADD47632FBE5}.Debug|Any CPU.ActiveCfg = Debug|Any CPU
		{4F46FF3C-795F-4A85-9290-ADD47632FBE5}.Debug|Any CPU.Build.0 = Debug|Any CPU
		{4F46FF3C-795F-4A85-9290-ADD47632FBE5}.Release|Any CPU.ActiveCfg = Release|Any CPU
		{4F46FF3C-795F-4A85-9290-ADD47632FBE5}.Release|Any CPU.Build.0 = Release|Any CPU
	EndGlobalSection
	GlobalSection(SolutionProperties) = preSolution
		HideSolutionNode = FALSE
	EndGlobalSection
	GlobalSection(ExtensibilityGlobals) = postSolution
		SolutionGuid = {B3CDE11C-F4E5-438A-962D-92997F822BB7}
	EndGlobalSection
EndGlobal
